
Microsoft Visual Studio Solution File, Format Version 12.00
# Visual Studio Version 17
VisualStudioVersion = 17.9.34723.18
MinimumVisualStudioVersion = 10.0.40219.1
Project("{9A19103F-16F7-4668-BE54-9A1E7A4F7556}") = "Entities", "Entities\Entities.csproj", "{4497532F-DD2D-4216-B3AE-C2590A1DEB31}"
EndProject
Project("{9A19103F-16F7-4668-BE54-9A1E7A4F7556}") = "DataAccess", "DataAccess\DataAccess.csproj", "{5F4A75D1-96A3-4830-9BC9-20ED4D54B376}"
EndProject
Project("{9A19103F-16F7-4668-BE54-9A1E7A4F7556}") = "Business", "Business\Business.csproj", "{8C703161-8FA2-4BFF-94A7-DF066841455C}"
EndProject
Project("{FAE04EC0-301F-11D3-BF4B-00C04F79EFBC}") = "ZuolfaAPI", "ZuolfaAPI\ZuolfaAPI.csproj", "{8F3EF767-F413-409F-9EB0-3F555E620C3A}"
EndProject
Global
	GlobalSection(SolutionConfigurationPlatforms) = preSolution
		Debug|Any CPU = Debug|Any CPU
		Release|Any CPU = Release|Any CPU
	EndGlobalSection
	GlobalSection(ProjectConfigurationPlatforms) = postSolution
		{4497532F-DD2D-4216-B3AE-C2590A1DEB31}.Debug|Any CPU.ActiveCfg = Debug|Any CPU
		{4497532F-DD2D-4216-B3AE-C2590A1DEB31}.Debug|Any CPU.Build.0 = Debug|Any CPU
		{4497532F-DD2D-4216-B3AE-C2590A1DEB31}.Release|Any CPU.ActiveCfg = Release|Any CPU
		{4497532F-DD2D-4216-B3AE-C2590A1DEB31}.Release|Any CPU.Build.0 = Release|Any CPU
		{5F4A75D1-96A3-4830-9BC9-20ED4D54B376}.Debug|Any CPU.ActiveCfg = Debug|Any CPU
		{5F4A75D1-96A3-4830-9BC9-20ED4D54B376}.Debug|Any CPU.Build.0 = Debug|Any CPU
		{5F4A75D1-96A3-4830-9BC9-20ED4D54B376}.Release|Any CPU.ActiveCfg = Release|Any CPU
		{5F4A75D1-96A3-4830-9BC9-20ED4D54B376}.Release|Any CPU.Build.0 = Release|Any CPU
		{8C703161-8FA2-4BFF-94A7-DF066841455C}.Debug|Any CPU.ActiveCfg = Debug|Any CPU
		{8C703161-8FA2-4BFF-94A7-DF066841455C}.Debug|Any CPU.Build.0 = Debug|Any CPU
		{8C703161-8FA2-4BFF-94A7-DF066841455C}.Release|Any CPU.ActiveCfg = Release|Any CPU
		{8C703161-8FA2-4BFF-94A7-DF066841455C}.Release|Any CPU.Build.0 = Release|Any CPU
		{8F3EF767-F413-409F-9EB0-3F555E620C3A}.Debug|Any CPU.ActiveCfg = Debug|Any CPU
		{8F3EF767-F413-409F-9EB0-3F555E620C3A}.Debug|Any CPU.Build.0 = Debug|Any CPU
		{8F3EF767-F413-409F-9EB0-3F555E620C3A}.Release|Any CPU.ActiveCfg = Release|Any CPU
		{8F3EF767-F413-409F-9EB0-3F555E620C3A}.Release|Any CPU.Build.0 = Release|Any CPU
	EndGlobalSection
	GlobalSection(SolutionProperties) = preSolution
		HideSolutionNode = FALSE
	EndGlobalSection
	GlobalSection(ExtensibilityGlobals) = postSolution
		SolutionGuid = {CAC86A5A-0B3B-468A-8C54-21891E76F278}
	EndGlobalSection
EndGlobal
